
Microsoft Visual Studio Solution File, Format Version 12.00
# Visual Studio Version 17
VisualStudioVersion = 17.12.35506.116 d17.12
MinimumVisualStudioVersion = 10.0.40219.1
Project("{FAE04EC0-301F-11D3-BF4B-00C04F79EFBC}") = "Ogrenci_ve_Ders_Yonetim_Sistemi", "Ogrenci_ve_Ders_Yonetim_Sistemi\Ogrenci_ve_Ders_Yonetim_Sistemi.csproj", "{96A15284-21EB-4E8E-9776-1F28C8389CBC}"
EndProject
Global
	GlobalSection(SolutionConfigurationPlatforms) = preSolution
		Debug|Any CPU = Debug|Any CPU
		Release|Any CPU = Release|Any CPU
	EndGlobalSection
	GlobalSection(ProjectConfigurationPlatforms) = postSolution
		{96A15284-21EB-4E8E-9776-1F28C8389CBC}.Debug|Any CPU.ActiveCfg = Debug|Any CPU
		{96A15284-21EB-4E8E-9776-1F28C8389CBC}.Debug|Any CPU.Build.0 = Debug|Any CPU
		{96A15284-21EB-4E8E-9776-1F28C8389CBC}.Release|Any CPU.ActiveCfg = Release|Any CPU
		{96A15284-21EB-4E8E-9776-1F28C8389CBC}.Release|Any CPU.Build.0 = Release|Any CPU
	EndGlobalSection
	GlobalSection(SolutionProperties) = preSolution
		HideSolutionNode = FALSE
	EndGlobalSection
EndGlobal
